// !$*UTF8*$!
{
	archiveVersion = 1;
	classes = {
	};
	objectVersion = 50;
	objects = {

/* Begin PBXBuildFile section */
		4168A6DD23E18B3E00B45718 /* AppDelegate.swift in Sources */ = {isa = PBXBuildFile; fileRef = 4168A6DC23E18B3E00B45718 /* AppDelegate.swift */; };
		4168A6DF23E18B3E00B45718 /* SceneDelegate.swift in Sources */ = {isa = PBXBuildFile; fileRef = 4168A6DE23E18B3E00B45718 /* SceneDelegate.swift */; };
		4168A6E123E18B3E00B45718 /* ViewController.swift in Sources */ = {isa = PBXBuildFile; fileRef = 4168A6E023E18B3E00B45718 /* ViewController.swift */; };
		4168A6E423E18B3E00B45718 /* Main.storyboard in Resources */ = {isa = PBXBuildFile; fileRef = 4168A6E223E18B3E00B45718 /* Main.storyboard */; };
		4168A6E623E18B4100B45718 /* Assets.xcassets in Resources */ = {isa = PBXBuildFile; fileRef = 4168A6E523E18B4100B45718 /* Assets.xcassets */; };
		4168A6E923E18B4100B45718 /* LaunchScreen.storyboard in Resources */ = {isa = PBXBuildFile; fileRef = 4168A6E723E18B4100B45718 /* LaunchScreen.storyboard */; };
		4168A6F123E1933400B45718 /* mainstage.jpg in Resources */ = {isa = PBXBuildFile; fileRef = 4168A6F023E1933400B45718 /* mainstage.jpg */; };
		4168A6F323E1962700B45718 /* logo.jpg in Resources */ = {isa = PBXBuildFile; fileRef = 4168A6F223E1962600B45718 /* logo.jpg */; };
		4168A6FB23E1BD2000B45718 /* Artist.swift in Sources */ = {isa = PBXBuildFile; fileRef = 4168A6FA23E1BD2000B45718 /* Artist.swift */; };
		4168A6FD23E1CCD400B45718 /* DataSource.swift in Sources */ = {isa = PBXBuildFile; fileRef = 4168A6FC23E1CCD400B45718 /* DataSource.swift */; };
		41C185DE23E2DBF100DD4608 /* ArtistTableViewCell.swift in Sources */ = {isa = PBXBuildFile; fileRef = 41C185DD23E2DBF100DD4608 /* ArtistTableViewCell.swift */; };
		41C185E023E2EE2F00DD4608 /* ArtistDetailViewController.swift in Sources */ = {isa = PBXBuildFile; fileRef = 41C185DF23E2EE2F00DD4608 /* ArtistDetailViewController.swift */; };
		41C185E223E3156A00DD4608 /* MapPoints.swift in Sources */ = {isa = PBXBuildFile; fileRef = 41C185E123E3156A00DD4608 /* MapPoints.swift */; };
		41C185E423E317F300DD4608 /* DataSourceMap.swift in Sources */ = {isa = PBXBuildFile; fileRef = 41C185E323E317F300DD4608 /* DataSourceMap.swift */; };
		41C185E623E318AA00DD4608 /* MapViewController.swift in Sources */ = {isa = PBXBuildFile; fileRef = 41C185E523E318AA00DD4608 /* MapViewController.swift */; };
/* End PBXBuildFile section */

/* Begin PBXFileReference section */
		4168A6D923E18B3E00B45718 /* Vistival.app */ = {isa = PBXFileReference; explicitFileType = wrapper.application; includeInIndex = 0; path = Vistival.app; sourceTree = BUILT_PRODUCTS_DIR; };
		4168A6DC23E18B3E00B45718 /* AppDelegate.swift */ = {isa = PBXFileReference; lastKnownFileType = sourcecode.swift; path = AppDelegate.swift; sourceTree = "<group>"; };
		4168A6DE23E18B3E00B45718 /* SceneDelegate.swift */ = {isa = PBXFileReference; lastKnownFileType = sourcecode.swift; path = SceneDelegate.swift; sourceTree = "<group>"; };
		4168A6E023E18B3E00B45718 /* ViewController.swift */ = {isa = PBXFileReference; lastKnownFileType = sourcecode.swift; path = ViewController.swift; sourceTree = "<group>"; };
		4168A6E323E18B3E00B45718 /* Base */ = {isa = PBXFileReference; lastKnownFileType = file.storyboard; name = Base; path = Base.lproj/Main.storyboard; sourceTree = "<group>"; };
		4168A6E523E18B4100B45718 /* Assets.xcassets */ = {isa = PBXFileReference; lastKnownFileType = folder.assetcatalog; path = Assets.xcassets; sourceTree = "<group>"; };
		4168A6E823E18B4100B45718 /* Base */ = {isa = PBXFileReference; lastKnownFileType = file.storyboard; name = Base; path = Base.lproj/LaunchScreen.storyboard; sourceTree = "<group>"; };
		4168A6EA23E18B4100B45718 /* Info.plist */ = {isa = PBXFileReference; lastKnownFileType = text.plist.xml; path = Info.plist; sourceTree = "<group>"; };
		4168A6F023E1933400B45718 /* mainstage.jpg */ = {isa = PBXFileReference; lastKnownFileType = image.jpeg; path = mainstage.jpg; sourceTree = "<group>"; };
		4168A6F223E1962600B45718 /* logo.jpg */ = {isa = PBXFileReference; lastKnownFileType = image.jpeg; path = logo.jpg; sourceTree = "<group>"; };
		4168A6FA23E1BD2000B45718 /* Artist.swift */ = {isa = PBXFileReference; lastKnownFileType = sourcecode.swift; path = Artist.swift; sourceTree = "<group>"; };
		4168A6FC23E1CCD400B45718 /* DataSource.swift */ = {isa = PBXFileReference; lastKnownFileType = sourcecode.swift; path = DataSource.swift; sourceTree = "<group>"; };
		41C185DD23E2DBF100DD4608 /* ArtistTableViewCell.swift */ = {isa = PBXFileReference; lastKnownFileType = sourcecode.swift; path = ArtistTableViewCell.swift; sourceTree = "<group>"; };
		41C185DF23E2EE2F00DD4608 /* ArtistDetailViewController.swift */ = {isa = PBXFileReference; lastKnownFileType = sourcecode.swift; path = ArtistDetailViewController.swift; sourceTree = "<group>"; };
		41C185E123E3156A00DD4608 /* MapPoints.swift */ = {isa = PBXFileReference; lastKnownFileType = sourcecode.swift; path = MapPoints.swift; sourceTree = "<group>"; };
		41C185E323E317F300DD4608 /* DataSourceMap.swift */ = {isa = PBXFileReference; lastKnownFileType = sourcecode.swift; path = DataSourceMap.swift; sourceTree = "<group>"; };
		41C185E523E318AA00DD4608 /* MapViewController.swift */ = {isa = PBXFileReference; lastKnownFileType = sourcecode.swift; path = MapViewController.swift; sourceTree = "<group>"; };
/* End PBXFileReference section */

/* Begin PBXFrameworksBuildPhase section */
		4168A6D623E18B3E00B45718 /* Frameworks */ = {
			isa = PBXFrameworksBuildPhase;
			buildActionMask = 2147483647;
			files = (
			);
			runOnlyForDeploymentPostprocessing = 0;
		};
/* End PBXFrameworksBuildPhase section */

/* Begin PBXGroup section */
		4168A6D023E18B3E00B45718 = {
			isa = PBXGroup;
			children = (
				4168A6DB23E18B3E00B45718 /* Vistival */,
				4168A6DA23E18B3E00B45718 /* Products */,
			);
			sourceTree = "<group>";
		};
		4168A6DA23E18B3E00B45718 /* Products */ = {
			isa = PBXGroup;
			children = (
				4168A6D923E18B3E00B45718 /* Vistival.app */,
			);
			name = Products;
			sourceTree = "<group>";
		};
		4168A6DB23E18B3E00B45718 /* Vistival */ = {
			isa = PBXGroup;
			children = (
				4168A6F923E1A1E100B45718 /* Controllers */,
				4168A6F823E1A1DA00B45718 /* View */,
				4168A6F723E1A1CE00B45718 /* Model */,
				4168A6DC23E18B3E00B45718 /* AppDelegate.swift */,
				4168A6DE23E18B3E00B45718 /* SceneDelegate.swift */,
				4168A6E223E18B3E00B45718 /* Main.storyboard */,
				4168A6E523E18B4100B45718 /* Assets.xcassets */,
				4168A6E723E18B4100B45718 /* LaunchScreen.storyboard */,
				4168A6EA23E18B4100B45718 /* Info.plist */,
				4168A6F223E1962600B45718 /* logo.jpg */,
				4168A6F023E1933400B45718 /* mainstage.jpg */,
			);
			path = Vistival;
			sourceTree = "<group>";
		};
		4168A6F723E1A1CE00B45718 /* Model */ = {
			isa = PBXGroup;
			children = (
				4168A6FA23E1BD2000B45718 /* Artist.swift */,
				4168A6FC23E1CCD400B45718 /* DataSource.swift */,
				41C185E123E3156A00DD4608 /* MapPoints.swift */,
				41C185E323E317F300DD4608 /* DataSourceMap.swift */,
			);
			path = Model;
			sourceTree = "<group>";
		};
		4168A6F823E1A1DA00B45718 /* View */ = {
			isa = PBXGroup;
			children = (
			);
			path = View;
			sourceTree = "<group>";
		};
		4168A6F923E1A1E100B45718 /* Controllers */ = {
			isa = PBXGroup;
			children = (
				4168A6E023E18B3E00B45718 /* ViewController.swift */,
				41C185DD23E2DBF100DD4608 /* ArtistTableViewCell.swift */,
				41C185DF23E2EE2F00DD4608 /* ArtistDetailViewController.swift */,
				41C185E523E318AA00DD4608 /* MapViewController.swift */,
			);
			path = Controllers;
			sourceTree = "<group>";
		};
/* End PBXGroup section */

/* Begin PBXNativeTarget section */
		4168A6D823E18B3E00B45718 /* Vistival */ = {
			isa = PBXNativeTarget;
			buildConfigurationList = 4168A6ED23E18B4100B45718 /* Build configuration list for PBXNativeTarget "Vistival" */;
			buildPhases = (
				4168A6D523E18B3E00B45718 /* Sources */,
				4168A6D623E18B3E00B45718 /* Frameworks */,
				4168A6D723E18B3E00B45718 /* Resources */,
			);
			buildRules = (
			);
			dependencies = (
			);
			name = Vistival;
			productName = Vistival;
			productReference = 4168A6D923E18B3E00B45718 /* Vistival.app */;
			productType = "com.apple.product-type.application";
		};
/* End PBXNativeTarget section */

/* Begin PBXProject section */
		4168A6D123E18B3E00B45718 /* Project object */ = {
			isa = PBXProject;
			attributes = {
				LastSwiftUpdateCheck = 1130;
				LastUpgradeCheck = 1130;
				ORGANIZATIONNAME = mobapp07;
				TargetAttributes = {
					4168A6D823E18B3E00B45718 = {
						CreatedOnToolsVersion = 11.3;
					};
				};
			};
			buildConfigurationList = 4168A6D423E18B3E00B45718 /* Build configuration list for PBXProject "Vistival" */;
			compatibilityVersion = "Xcode 9.3";
			developmentRegion = en;
			hasScannedForEncodings = 0;
			knownRegions = (
				en,
				Base,
			);
			mainGroup = 4168A6D023E18B3E00B45718;
			productRefGroup = 4168A6DA23E18B3E00B45718 /* Products */;
			projectDirPath = "";
			projectRoot = "";
			targets = (
				4168A6D823E18B3E00B45718 /* Vistival */,
			);
		};
/* End PBXProject section */

/* Begin PBXResourcesBuildPhase section */
		4168A6D723E18B3E00B45718 /* Resources */ = {
			isa = PBXResourcesBuildPhase;
			buildActionMask = 2147483647;
			files = (
				4168A6E923E18B4100B45718 /* LaunchScreen.storyboard in Resources */,
				4168A6F323E1962700B45718 /* logo.jpg in Resources */,
				4168A6F123E1933400B45718 /* mainstage.jpg in Resources */,
				4168A6E623E18B4100B45718 /* Assets.xcassets in Resources */,
				4168A6E423E18B3E00B45718 /* Main.storyboard in Resources */,
			);
			runOnlyForDeploymentPostprocessing = 0;
		};
/* End PBXResourcesBuildPhase section */

/* Begin PBXSourcesBuildPhase section */
		4168A6D523E18B3E00B45718 /* Sources */ = {
			isa = PBXSourcesBuildPhase;
			buildActionMask = 2147483647;
			files = (
				41C185E423E317F300DD4608 /* DataSourceMap.swift in Sources */,
				4168A6E123E18B3E00B45718 /* ViewController.swift in Sources */,
				41C185E223E3156A00DD4608 /* MapPoints.swift in Sources */,
				41C185E623E318AA00DD4608 /* MapViewController.swift in Sources */,
				4168A6DD23E18B3E00B45718 /* AppDelegate.swift in Sources */,
				4168A6FB23E1BD2000B45718 /* Artist.swift in Sources */,
				4168A6FD23E1CCD400B45718 /* DataSource.swift in Sources */,
				41C185E023E2EE2F00DD4608 /* ArtistDetailViewController.swift in Sources */,
				41C185DE23E2DBF100DD4608 /* ArtistTableViewCell.swift in Sources */,
				4168A6DF23E18B3E00B45718 /* SceneDelegate.swift in Sources */,
			);
			runOnlyForDeploymentPostprocessing = 0;
		};
/* End PBXSourcesBuildPhase section */

/* Begin PBXVariantGroup section */
		4168A6E223E18B3E00B45718 /* Main.storyboard */ = {
			isa = PBXVariantGroup;
			children = (
				4168A6E323E18B3E00B45718 /* Base */,
			);
			name = Main.storyboard;
			sourceTree = "<group>";
		};
		4168A6E723E18B4100B45718 /* LaunchScreen.storyboard */ = {
			isa = PBXVariantGroup;
			children = (
				4168A6E823E18B4100B45718 /* Base */,
			);
			name = LaunchScreen.storyboard;
			sourceTree = "<group>";
		};
/* End PBXVariantGroup section */

/* Begin XCBuildConfiguration section */
		4168A6EB23E18B4100B45718 /* Debug */ = {
			isa = XCBuildConfiguration;
			buildSettings = {
				ALWAYS_SEARCH_USER_PATHS = NO;
				CLANG_ANALYZER_NONNULL = YES;
				CLANG_ANALYZER_NUMBER_OBJECT_CONVERSION = YES_AGGRESSIVE;
				CLANG_CXX_LANGUAGE_STANDARD = "gnu++14";
				CLANG_CXX_LIBRARY = "libc++";
				CLANG_ENABLE_MODULES = YES;
				CLANG_ENABLE_OBJC_ARC = YES;
				CLANG_ENABLE_OBJC_WEAK = YES;
				CLANG_WARN_BLOCK_CAPTURE_AUTORELEASING = YES;
				CLANG_WARN_BOOL_CONVERSION = YES;
				CLANG_WARN_COMMA = YES;
				CLANG_WARN_CONSTANT_CONVERSION = YES;
				CLANG_WARN_DEPRECATED_OBJC_IMPLEMENTATIONS = YES;
				CLANG_WARN_DIRECT_OBJC_ISA_USAGE = YES_ERROR;
				CLANG_WARN_DOCUMENTATION_COMMENTS = YES;
				CLANG_WARN_EMPTY_BODY = YES;
				CLANG_WARN_ENUM_CONVERSION = YES;
				CLANG_WARN_INFINITE_RECURSION = YES;
				CLANG_WARN_INT_CONVERSION = YES;
				CLANG_WARN_NON_LITERAL_NULL_CONVERSION = YES;
				CLANG_WARN_OBJC_IMPLICIT_RETAIN_SELF = YES;
				CLANG_WARN_OBJC_LITERAL_CONVERSION = YES;
				CLANG_WARN_OBJC_ROOT_CLASS = YES_ERROR;
				CLANG_WARN_RANGE_LOOP_ANALYSIS = YES;
				CLANG_WARN_STRICT_PROTOTYPES = YES;
				CLANG_WARN_SUSPICIOUS_MOVE = YES;
				CLANG_WARN_UNGUARDED_AVAILABILITY = YES_AGGRESSIVE;
				CLANG_WARN_UNREACHABLE_CODE = YES;
				CLANG_WARN__DUPLICATE_METHOD_MATCH = YES;
				COPY_PHASE_STRIP = NO;
				DEBUG_INFORMATION_FORMAT = dwarf;
				ENABLE_STRICT_OBJC_MSGSEND = YES;
				ENABLE_TESTABILITY = YES;
				GCC_C_LANGUAGE_STANDARD = gnu11;
				GCC_DYNAMIC_NO_PIC = NO;
				GCC_NO_COMMON_BLOCKS = YES;
				GCC_OPTIMIZATION_LEVEL = 0;
				GCC_PREPROCESSOR_DEFINITIONS = (
					"DEBUG=1",
					"$(inherited)",
				);
				GCC_WARN_64_TO_32_BIT_CONVERSION = YES;
				GCC_WARN_ABOUT_RETURN_TYPE = YES_ERROR;
				GCC_WARN_UNDECLARED_SELECTOR = YES;
				GCC_WARN_UNINITIALIZED_AUTOS = YES_AGGRESSIVE;
				GCC_WARN_UNUSED_FUNCTION = YES;
				GCC_WARN_UNUSED_VARIABLE = YES;
				IPHONEOS_DEPLOYMENT_TARGET = 13.2;
				MTL_ENABLE_DEBUG_INFO = INCLUDE_SOURCE;
				MTL_FAST_MATH = YES;
				ONLY_ACTIVE_ARCH = YES;
				SDKROOT = iphoneos;
				SWIFT_ACTIVE_COMPILATION_CONDITIONS = DEBUG;
				SWIFT_OPTIMIZATION_LEVEL = "-Onone";
			};
			name = Debug;
		};
		4168A6EC23E18B4100B45718 /* Release */ = {
			isa = XCBuildConfiguration;
			buildSettings = {
				ALWAYS_SEARCH_USER_PATHS = NO;
				CLANG_ANALYZER_NONNULL = YES;
				CLANG_ANALYZER_NUMBER_OBJECT_CONVERSION = YES_AGGRESSIVE;
				CLANG_CXX_LANGUAGE_STANDARD = "gnu++14";
				CLANG_CXX_LIBRARY = "libc++";
				CLANG_ENABLE_MODULES = YES;
				CLANG_ENABLE_OBJC_ARC = YES;
				CLANG_ENABLE_OBJC_WEAK = YES;
				CLANG_WARN_BLOCK_CAPTURE_AUTORELEASING = YES;
				CLANG_WARN_BOOL_CONVERSION = YES;
				CLANG_WARN_COMMA = YES;
				CLANG_WARN_CONSTANT_CONVERSION = YES;
				CLANG_WARN_DEPRECATED_OBJC_IMPLEMENTATIONS = YES;
				CLANG_WARN_DIRECT_OBJC_ISA_USAGE = YES_ERROR;
				CLANG_WARN_DOCUMENTATION_COMMENTS = YES;
				CLANG_WARN_EMPTY_BODY = YES;
				CLANG_WARN_ENUM_CONVERSION = YES;
				CLANG_WARN_INFINITE_RECURSION = YES;
				CLANG_WARN_INT_CONVERSION = YES;
				CLANG_WARN_NON_LITERAL_NULL_CONVERSION = YES;
				CLANG_WARN_OBJC_IMPLICIT_RETAIN_SELF = YES;
				CLANG_WARN_OBJC_LITERAL_CONVERSION = YES;
				CLANG_WARN_OBJC_ROOT_CLASS = YES_ERROR;
				CLANG_WARN_RANGE_LOOP_ANALYSIS = YES;
				CLANG_WARN_STRICT_PROTOTYPES = YES;
				CLANG_WARN_SUSPICIOUS_MOVE = YES;
				CLANG_WARN_UNGUARDED_AVAILABILITY = YES_AGGRESSIVE;
				CLANG_WARN_UNREACHABLE_CODE = YES;
				CLANG_WARN__DUPLICATE_METHOD_MATCH = YES;
				COPY_PHASE_STRIP = NO;
				DEBUG_INFORMATION_FORMAT = "dwarf-with-dsym";
				ENABLE_NS_ASSERTIONS = NO;
				ENABLE_STRICT_OBJC_MSGSEND = YES;
				GCC_C_LANGUAGE_STANDARD = gnu11;
				GCC_NO_COMMON_BLOCKS = YES;
				GCC_WARN_64_TO_32_BIT_CONVERSION = YES;
				GCC_WARN_ABOUT_RETURN_TYPE = YES_ERROR;
				GCC_WARN_UNDECLARED_SELECTOR = YES;
				GCC_WARN_UNINITIALIZED_AUTOS = YES_AGGRESSIVE;
				GCC_WARN_UNUSED_FUNCTION = YES;
				GCC_WARN_UNUSED_VARIABLE = YES;
				IPHONEOS_DEPLOYMENT_TARGET = 13.2;
				MTL_ENABLE_DEBUG_INFO = NO;
				MTL_FAST_MATH = YES;
				SDKROOT = iphoneos;
				SWIFT_COMPILATION_MODE = wholemodule;
				SWIFT_OPTIMIZATION_LEVEL = "-O";
				VALIDATE_PRODUCT = YES;
			};
			name = Release;
		};
		4168A6EE23E18B4100B45718 /* Debug */ = {
			isa = XCBuildConfiguration;
			buildSettings = {
				ASSETCATALOG_COMPILER_APPICON_NAME = AppIcon;
				CODE_SIGN_STYLE = Automatic;
				INFOPLIST_FILE = Vistival/Info.plist;
				LD_RUNPATH_SEARCH_PATHS = (
					"$(inherited)",
					"@executable_path/Frameworks",
				);
				PRODUCT_BUNDLE_IDENTIFIER = be.ehb.Vistival;
				PRODUCT_NAME = "$(TARGET_NAME)";
				SWIFT_VERSION = 5.0;
				TARGETED_DEVICE_FAMILY = 1;
			};
			name = Debug;
		};
		4168A6EF23E18B4100B45718 /* Release */ = {
			isa = XCBuildConfiguration;
			buildSettings = {
				ASSETCATALOG_COMPILER_APPICON_NAME = AppIcon;
				CODE_SIGN_STYLE = Automatic;
				INFOPLIST_FILE = Vistival/Info.plist;
				LD_RUNPATH_SEARCH_PATHS = (
					"$(inherited)",
					"@executable_path/Frameworks",
				);
				PRODUCT_BUNDLE_IDENTIFIER = be.ehb.Vistival;
				PRODUCT_NAME = "$(TARGET_NAME)";
				SWIFT_VERSION = 5.0;
				TARGETED_DEVICE_FAMILY = 1;
			};
			name = Release;
		};
/* End XCBuildConfiguration section */

/* Begin XCConfigurationList section */
		4168A6D423E18B3E00B45718 /* Build configuration list for PBXProject "Vistival" */ = {
			isa = XCConfigurationList;
			buildConfigurations = (
				4168A6EB23E18B4100B45718 /* Debug */,
				4168A6EC23E18B4100B45718 /* Release */,
			);
			defaultConfigurationIsVisible = 0;
			defaultConfigurationName = Release;
		};
		4168A6ED23E18B4100B45718 /* Build configuration list for PBXNativeTarget "Vistival" */ = {
			isa = XCConfigurationList;
			buildConfigurations = (
				4168A6EE23E18B4100B45718 /* Debug */,
				4168A6EF23E18B4100B45718 /* Release */,
			);
			defaultConfigurationIsVisible = 0;
			defaultConfigurationName = Release;
		};
/* End XCConfigurationList section */
	};
	rootObject = 4168A6D123E18B3E00B45718 /* Project object */;
}
